// !$*UTF8*$!
{
	archiveVersion = 1;
	classes = {
	};
	objectVersion = 51;
	objects = {

/* Begin PBXBuildFile section */
		2B51E44B84AF995D26B5EA80 /* Pods_DVT_WeatherTests.framework in Frameworks */ = {isa = PBXBuildFile; fileRef = E052CC4ABCABA54FACF8C01D /* Pods_DVT_WeatherTests.framework */; };
		AE8EB9D7A0909D6207FEE9AD /* Pods_DVT_Weather.framework in Frameworks */ = {isa = PBXBuildFile; fileRef = E300C8EA5F651BE4904315DC /* Pods_DVT_Weather.framework */; };
		C9B1D2E4266EEAFD00E64A18 /* AppDelegate.swift in Sources */ = {isa = PBXBuildFile; fileRef = C9B1D2E3266EEAFD00E64A18 /* AppDelegate.swift */; };
		C9B1D2E6266EEAFD00E64A18 /* SceneDelegate.swift in Sources */ = {isa = PBXBuildFile; fileRef = C9B1D2E5266EEAFD00E64A18 /* SceneDelegate.swift */; };
		C9B1D2E8266EEAFD00E64A18 /* WeatherController.swift in Sources */ = {isa = PBXBuildFile; fileRef = C9B1D2E7266EEAFD00E64A18 /* WeatherController.swift */; };
		C9B1D2EB266EEAFD00E64A18 /* Main.storyboard in Resources */ = {isa = PBXBuildFile; fileRef = C9B1D2E9266EEAFD00E64A18 /* Main.storyboard */; };
		C9B1D2ED266EEB0500E64A18 /* Assets.xcassets in Resources */ = {isa = PBXBuildFile; fileRef = C9B1D2EC266EEB0500E64A18 /* Assets.xcassets */; };
		C9B1D2F0266EEB0500E64A18 /* LaunchScreen.storyboard in Resources */ = {isa = PBXBuildFile; fileRef = C9B1D2EE266EEB0500E64A18 /* LaunchScreen.storyboard */; };
		C9B1D2FB266EEB0500E64A18 /* DVT_WeatherTests.swift in Sources */ = {isa = PBXBuildFile; fileRef = C9B1D2FA266EEB0500E64A18 /* DVT_WeatherTests.swift */; };
		C9B1D306266EEB0500E64A18 /* DVT_WeatherUITests.swift in Sources */ = {isa = PBXBuildFile; fileRef = C9B1D305266EEB0500E64A18 /* DVT_WeatherUITests.swift */; };
		C9B1D330266EECC900E64A18 /* URLParameterEncoder.swift in Sources */ = {isa = PBXBuildFile; fileRef = C9B1D31E266EECC900E64A18 /* URLParameterEncoder.swift */; };
		C9B1D331266EECC900E64A18 /* JSONParameterEncoder.swift in Sources */ = {isa = PBXBuildFile; fileRef = C9B1D31F266EECC900E64A18 /* JSONParameterEncoder.swift */; };
		C9B1D332266EECC900E64A18 /* ParameterEncodig.swift in Sources */ = {isa = PBXBuildFile; fileRef = C9B1D320266EECC900E64A18 /* ParameterEncodig.swift */; };
		C9B1D333266EECC900E64A18 /* EndPointType.swift in Sources */ = {isa = PBXBuildFile; fileRef = C9B1D322266EECC900E64A18 /* EndPointType.swift */; };
		C9B1D334266EECC900E64A18 /* HTTPURLResponse+Extension.swift in Sources */ = {isa = PBXBuildFile; fileRef = C9B1D324266EECC900E64A18 /* HTTPURLResponse+Extension.swift */; };
		C9B1D335266EECC900E64A18 /* NetworkRouter.swift in Sources */ = {isa = PBXBuildFile; fileRef = C9B1D325266EECC900E64A18 /* NetworkRouter.swift */; };
		C9B1D336266EECC900E64A18 /* HTTPTask.swift in Sources */ = {isa = PBXBuildFile; fileRef = C9B1D326266EECC900E64A18 /* HTTPTask.swift */; };
		C9B1D337266EECC900E64A18 /* NetworkResponse.swift in Sources */ = {isa = PBXBuildFile; fileRef = C9B1D327266EECC900E64A18 /* NetworkResponse.swift */; };
		C9B1D338266EECC900E64A18 /* HTTPMethod.swift in Sources */ = {isa = PBXBuildFile; fileRef = C9B1D328266EECC900E64A18 /* HTTPMethod.swift */; };
		C9B1D339266EECC900E64A18 /* Router.swift in Sources */ = {isa = PBXBuildFile; fileRef = C9B1D329266EECC900E64A18 /* Router.swift */; };
		C9B1D33A266EECC900E64A18 /* WeatherEndpoint.swift in Sources */ = {isa = PBXBuildFile; fileRef = C9B1D32D266EECC900E64A18 /* WeatherEndpoint.swift */; };
		C9B1D33B266EECC900E64A18 /* WeatherService.swift in Sources */ = {isa = PBXBuildFile; fileRef = C9B1D32F266EECC900E64A18 /* WeatherService.swift */; };
		C9B1D341266EEF2D00E64A18 /* CurrentWeather.swift in Sources */ = {isa = PBXBuildFile; fileRef = C9B1D340266EEF2D00E64A18 /* CurrentWeather.swift */; };
		C9B1D349266EF10300E64A18 /* FiveDaysWeather.swift in Sources */ = {isa = PBXBuildFile; fileRef = C9B1D348266EF10300E64A18 /* FiveDaysWeather.swift */; };
		C9B1D358266EF4F200E64A18 /* WeatherPresenter.swift in Sources */ = {isa = PBXBuildFile; fileRef = C9B1D357266EF4F200E64A18 /* WeatherPresenter.swift */; };
		C9B1D360266EF58900E64A18 /* CurrentWeatherView.swift in Sources */ = {isa = PBXBuildFile; fileRef = C9B1D35F266EF58900E64A18 /* CurrentWeatherView.swift */; };
		C9B1D378266EFBD900E64A18 /* R.generated.swift in Sources */ = {isa = PBXBuildFile; fileRef = C9B1D377266EFBD900E64A18 /* R.generated.swift */; };
		C9B1D382266EFD6300E64A18 /* Text.strings in Resources */ = {isa = PBXBuildFile; fileRef = C9B1D381266EFD6300E64A18 /* Text.strings */; };
		C9B1D390266F023400E64A18 /* WeatherCell.swift in Sources */ = {isa = PBXBuildFile; fileRef = C9B1D38E266F023400E64A18 /* WeatherCell.swift */; };
		C9B1D391266F023400E64A18 /* WeatherCell.xib in Resources */ = {isa = PBXBuildFile; fileRef = C9B1D38F266F023400E64A18 /* WeatherCell.xib */; };
		C9B1D39C266F044200E64A18 /* UITableView+Extension.swift in Sources */ = {isa = PBXBuildFile; fileRef = C9B1D39B266F044200E64A18 /* UITableView+Extension.swift */; };
		C9B1D3A1266F047D00E64A18 /* UiViewController+Extension.swift in Sources */ = {isa = PBXBuildFile; fileRef = C9B1D3A0266F047D00E64A18 /* UiViewController+Extension.swift */; };
		FF3D7527425CF9C8AF1CFFB5 /* Pods_DVT_Weather_DVT_WeatherUITests.framework in Frameworks */ = {isa = PBXBuildFile; fileRef = BD127340A21A0F37DB8394E5 /* Pods_DVT_Weather_DVT_WeatherUITests.framework */; };
/* End PBXBuildFile section */

/* Begin PBXContainerItemProxy section */
		C9B1D2F7266EEB0500E64A18 /* PBXContainerItemProxy */ = {
			isa = PBXContainerItemProxy;
			containerPortal = C9B1D2D8266EEAFD00E64A18 /* Project object */;
			proxyType = 1;
			remoteGlobalIDString = C9B1D2DF266EEAFD00E64A18;
			remoteInfo = "DVT-Weather";
		};
		C9B1D302266EEB0500E64A18 /* PBXContainerItemProxy */ = {
			isa = PBXContainerItemProxy;
			containerPortal = C9B1D2D8266EEAFD00E64A18 /* Project object */;
			proxyType = 1;
			remoteGlobalIDString = C9B1D2DF266EEAFD00E64A18;
			remoteInfo = "DVT-Weather";
		};
/* End PBXContainerItemProxy section */

/* Begin PBXFileReference section */
		096EF41DAC389D1351CDD9B6 /* Pods-DVT-WeatherTests.release.xcconfig */ = {isa = PBXFileReference; includeInIndex = 1; lastKnownFileType = text.xcconfig; name = "Pods-DVT-WeatherTests.release.xcconfig"; path = "Target Support Files/Pods-DVT-WeatherTests/Pods-DVT-WeatherTests.release.xcconfig"; sourceTree = "<group>"; };
		337F8721C064C6F531B1E6D9 /* Pods-DVT-Weather-DVT-WeatherUITests.release.xcconfig */ = {isa = PBXFileReference; includeInIndex = 1; lastKnownFileType = text.xcconfig; name = "Pods-DVT-Weather-DVT-WeatherUITests.release.xcconfig"; path = "Target Support Files/Pods-DVT-Weather-DVT-WeatherUITests/Pods-DVT-Weather-DVT-WeatherUITests.release.xcconfig"; sourceTree = "<group>"; };
		4AE980F77A1E2E89FB7D7A29 /* Pods-DVT-WeatherTests.debug.xcconfig */ = {isa = PBXFileReference; includeInIndex = 1; lastKnownFileType = text.xcconfig; name = "Pods-DVT-WeatherTests.debug.xcconfig"; path = "Target Support Files/Pods-DVT-WeatherTests/Pods-DVT-WeatherTests.debug.xcconfig"; sourceTree = "<group>"; };
		5A554DC7444A846EF9293A2A /* Pods-DVT-Weather.debug.xcconfig */ = {isa = PBXFileReference; includeInIndex = 1; lastKnownFileType = text.xcconfig; name = "Pods-DVT-Weather.debug.xcconfig"; path = "Target Support Files/Pods-DVT-Weather/Pods-DVT-Weather.debug.xcconfig"; sourceTree = "<group>"; };
		BD127340A21A0F37DB8394E5 /* Pods_DVT_Weather_DVT_WeatherUITests.framework */ = {isa = PBXFileReference; explicitFileType = wrapper.framework; includeInIndex = 0; path = Pods_DVT_Weather_DVT_WeatherUITests.framework; sourceTree = BUILT_PRODUCTS_DIR; };
		C9B1D2E0266EEAFD00E64A18 /* DVT-Weather.app */ = {isa = PBXFileReference; explicitFileType = wrapper.application; includeInIndex = 0; path = "DVT-Weather.app"; sourceTree = BUILT_PRODUCTS_DIR; };
		C9B1D2E3266EEAFD00E64A18 /* AppDelegate.swift */ = {isa = PBXFileReference; lastKnownFileType = sourcecode.swift; path = AppDelegate.swift; sourceTree = "<group>"; };
		C9B1D2E5266EEAFD00E64A18 /* SceneDelegate.swift */ = {isa = PBXFileReference; lastKnownFileType = sourcecode.swift; path = SceneDelegate.swift; sourceTree = "<group>"; };
		C9B1D2E7266EEAFD00E64A18 /* WeatherController.swift */ = {isa = PBXFileReference; lastKnownFileType = sourcecode.swift; path = WeatherController.swift; sourceTree = "<group>"; };
		C9B1D2EA266EEAFD00E64A18 /* Base */ = {isa = PBXFileReference; lastKnownFileType = file.storyboard; name = Base; path = Base.lproj/Main.storyboard; sourceTree = "<group>"; };
		C9B1D2EC266EEB0500E64A18 /* Assets.xcassets */ = {isa = PBXFileReference; lastKnownFileType = folder.assetcatalog; path = Assets.xcassets; sourceTree = "<group>"; };
		C9B1D2EF266EEB0500E64A18 /* Base */ = {isa = PBXFileReference; lastKnownFileType = file.storyboard; name = Base; path = Base.lproj/LaunchScreen.storyboard; sourceTree = "<group>"; };
		C9B1D2F1266EEB0500E64A18 /* Info.plist */ = {isa = PBXFileReference; lastKnownFileType = text.plist.xml; path = Info.plist; sourceTree = "<group>"; };
		C9B1D2F6266EEB0500E64A18 /* DVT-WeatherTests.xctest */ = {isa = PBXFileReference; explicitFileType = wrapper.cfbundle; includeInIndex = 0; path = "DVT-WeatherTests.xctest"; sourceTree = BUILT_PRODUCTS_DIR; };
		C9B1D2FA266EEB0500E64A18 /* DVT_WeatherTests.swift */ = {isa = PBXFileReference; lastKnownFileType = sourcecode.swift; path = DVT_WeatherTests.swift; sourceTree = "<group>"; };
		C9B1D2FC266EEB0500E64A18 /* Info.plist */ = {isa = PBXFileReference; lastKnownFileType = text.plist.xml; path = Info.plist; sourceTree = "<group>"; };
		C9B1D301266EEB0500E64A18 /* DVT-WeatherUITests.xctest */ = {isa = PBXFileReference; explicitFileType = wrapper.cfbundle; includeInIndex = 0; path = "DVT-WeatherUITests.xctest"; sourceTree = BUILT_PRODUCTS_DIR; };
		C9B1D305266EEB0500E64A18 /* DVT_WeatherUITests.swift */ = {isa = PBXFileReference; lastKnownFileType = sourcecode.swift; path = DVT_WeatherUITests.swift; sourceTree = "<group>"; };
		C9B1D307266EEB0500E64A18 /* Info.plist */ = {isa = PBXFileReference; lastKnownFileType = text.plist.xml; path = Info.plist; sourceTree = "<group>"; };
		C9B1D31E266EECC900E64A18 /* URLParameterEncoder.swift */ = {isa = PBXFileReference; fileEncoding = 4; lastKnownFileType = sourcecode.swift; path = URLParameterEncoder.swift; sourceTree = "<group>"; };
		C9B1D31F266EECC900E64A18 /* JSONParameterEncoder.swift */ = {isa = PBXFileReference; fileEncoding = 4; lastKnownFileType = sourcecode.swift; path = JSONParameterEncoder.swift; sourceTree = "<group>"; };
		C9B1D320266EECC900E64A18 /* ParameterEncodig.swift */ = {isa = PBXFileReference; fileEncoding = 4; lastKnownFileType = sourcecode.swift; path = ParameterEncodig.swift; sourceTree = "<group>"; };
		C9B1D322266EECC900E64A18 /* EndPointType.swift */ = {isa = PBXFileReference; fileEncoding = 4; lastKnownFileType = sourcecode.swift; path = EndPointType.swift; sourceTree = "<group>"; };
		C9B1D324266EECC900E64A18 /* HTTPURLResponse+Extension.swift */ = {isa = PBXFileReference; fileEncoding = 4; lastKnownFileType = sourcecode.swift; path = "HTTPURLResponse+Extension.swift"; sourceTree = "<group>"; };
		C9B1D325266EECC900E64A18 /* NetworkRouter.swift */ = {isa = PBXFileReference; fileEncoding = 4; lastKnownFileType = sourcecode.swift; path = NetworkRouter.swift; sourceTree = "<group>"; };
		C9B1D326266EECC900E64A18 /* HTTPTask.swift */ = {isa = PBXFileReference; fileEncoding = 4; lastKnownFileType = sourcecode.swift; path = HTTPTask.swift; sourceTree = "<group>"; };
		C9B1D327266EECC900E64A18 /* NetworkResponse.swift */ = {isa = PBXFileReference; fileEncoding = 4; lastKnownFileType = sourcecode.swift; path = NetworkResponse.swift; sourceTree = "<group>"; };
		C9B1D328266EECC900E64A18 /* HTTPMethod.swift */ = {isa = PBXFileReference; fileEncoding = 4; lastKnownFileType = sourcecode.swift; path = HTTPMethod.swift; sourceTree = "<group>"; };
		C9B1D329266EECC900E64A18 /* Router.swift */ = {isa = PBXFileReference; fileEncoding = 4; lastKnownFileType = sourcecode.swift; path = Router.swift; sourceTree = "<group>"; };
		C9B1D32D266EECC900E64A18 /* WeatherEndpoint.swift */ = {isa = PBXFileReference; fileEncoding = 4; lastKnownFileType = sourcecode.swift; path = WeatherEndpoint.swift; sourceTree = "<group>"; };
		C9B1D32F266EECC900E64A18 /* WeatherService.swift */ = {isa = PBXFileReference; fileEncoding = 4; lastKnownFileType = sourcecode.swift; path = WeatherService.swift; sourceTree = "<group>"; };
		C9B1D340266EEF2D00E64A18 /* CurrentWeather.swift */ = {isa = PBXFileReference; lastKnownFileType = sourcecode.swift; path = CurrentWeather.swift; sourceTree = "<group>"; };
		C9B1D348266EF10300E64A18 /* FiveDaysWeather.swift */ = {isa = PBXFileReference; lastKnownFileType = sourcecode.swift; path = FiveDaysWeather.swift; sourceTree = "<group>"; };
		C9B1D357266EF4F200E64A18 /* WeatherPresenter.swift */ = {isa = PBXFileReference; lastKnownFileType = sourcecode.swift; path = WeatherPresenter.swift; sourceTree = "<group>"; };
		C9B1D35F266EF58900E64A18 /* CurrentWeatherView.swift */ = {isa = PBXFileReference; lastKnownFileType = sourcecode.swift; path = CurrentWeatherView.swift; sourceTree = "<group>"; };
		C9B1D377266EFBD900E64A18 /* R.generated.swift */ = {isa = PBXFileReference; fileEncoding = 4; lastKnownFileType = sourcecode.swift; path = R.generated.swift; sourceTree = SOURCE_ROOT; };
		C9B1D381266EFD6300E64A18 /* Text.strings */ = {isa = PBXFileReference; lastKnownFileType = text.plist.strings; path = Text.strings; sourceTree = "<group>"; };
		C9B1D38E266F023400E64A18 /* WeatherCell.swift */ = {isa = PBXFileReference; lastKnownFileType = sourcecode.swift; path = WeatherCell.swift; sourceTree = "<group>"; };
		C9B1D38F266F023400E64A18 /* WeatherCell.xib */ = {isa = PBXFileReference; lastKnownFileType = file.xib; path = WeatherCell.xib; sourceTree = "<group>"; };
		C9B1D39B266F044200E64A18 /* UITableView+Extension.swift */ = {isa = PBXFileReference; lastKnownFileType = sourcecode.swift; path = "UITableView+Extension.swift"; sourceTree = "<group>"; };
		C9B1D3A0266F047D00E64A18 /* UiViewController+Extension.swift */ = {isa = PBXFileReference; lastKnownFileType = sourcecode.swift; path = "UiViewController+Extension.swift"; sourceTree = "<group>"; };
		E052CC4ABCABA54FACF8C01D /* Pods_DVT_WeatherTests.framework */ = {isa = PBXFileReference; explicitFileType = wrapper.framework; includeInIndex = 0; path = Pods_DVT_WeatherTests.framework; sourceTree = BUILT_PRODUCTS_DIR; };
		E300C8EA5F651BE4904315DC /* Pods_DVT_Weather.framework */ = {isa = PBXFileReference; explicitFileType = wrapper.framework; includeInIndex = 0; path = Pods_DVT_Weather.framework; sourceTree = BUILT_PRODUCTS_DIR; };
		F43522468980F311EAF3CC77 /* Pods-DVT-Weather.release.xcconfig */ = {isa = PBXFileReference; includeInIndex = 1; lastKnownFileType = text.xcconfig; name = "Pods-DVT-Weather.release.xcconfig"; path = "Target Support Files/Pods-DVT-Weather/Pods-DVT-Weather.release.xcconfig"; sourceTree = "<group>"; };
		F61F762EF9F7969D1CDCA9BD /* Pods-DVT-Weather-DVT-WeatherUITests.debug.xcconfig */ = {isa = PBXFileReference; includeInIndex = 1; lastKnownFileType = text.xcconfig; name = "Pods-DVT-Weather-DVT-WeatherUITests.debug.xcconfig"; path = "Target Support Files/Pods-DVT-Weather-DVT-WeatherUITests/Pods-DVT-Weather-DVT-WeatherUITests.debug.xcconfig"; sourceTree = "<group>"; };
/* End PBXFileReference section */

/* Begin PBXFrameworksBuildPhase section */
		C9B1D2DD266EEAFD00E64A18 /* Frameworks */ = {
			isa = PBXFrameworksBuildPhase;
			buildActionMask = 2147483647;
			files = (
				AE8EB9D7A0909D6207FEE9AD /* Pods_DVT_Weather.framework in Frameworks */,
			);
			runOnlyForDeploymentPostprocessing = 0;
		};
		C9B1D2F3266EEB0500E64A18 /* Frameworks */ = {
			isa = PBXFrameworksBuildPhase;
			buildActionMask = 2147483647;
			files = (
				2B51E44B84AF995D26B5EA80 /* Pods_DVT_WeatherTests.framework in Frameworks */,
			);
			runOnlyForDeploymentPostprocessing = 0;
		};
		C9B1D2FE266EEB0500E64A18 /* Frameworks */ = {
			isa = PBXFrameworksBuildPhase;
			buildActionMask = 2147483647;
			files = (
				FF3D7527425CF9C8AF1CFFB5 /* Pods_DVT_Weather_DVT_WeatherUITests.framework in Frameworks */,
			);
			runOnlyForDeploymentPostprocessing = 0;
		};
/* End PBXFrameworksBuildPhase section */

/* Begin PBXGroup section */
		8C51BBE9752595254776A616 /* Frameworks */ = {
			isa = PBXGroup;
			children = (
				E300C8EA5F651BE4904315DC /* Pods_DVT_Weather.framework */,
				BD127340A21A0F37DB8394E5 /* Pods_DVT_Weather_DVT_WeatherUITests.framework */,
				E052CC4ABCABA54FACF8C01D /* Pods_DVT_WeatherTests.framework */,
			);
			name = Frameworks;
			sourceTree = "<group>";
		};
		B5082A7B1720EC1EF73EB079 /* Pods */ = {
			isa = PBXGroup;
			children = (
				5A554DC7444A846EF9293A2A /* Pods-DVT-Weather.debug.xcconfig */,
				F43522468980F311EAF3CC77 /* Pods-DVT-Weather.release.xcconfig */,
				F61F762EF9F7969D1CDCA9BD /* Pods-DVT-Weather-DVT-WeatherUITests.debug.xcconfig */,
				337F8721C064C6F531B1E6D9 /* Pods-DVT-Weather-DVT-WeatherUITests.release.xcconfig */,
				4AE980F77A1E2E89FB7D7A29 /* Pods-DVT-WeatherTests.debug.xcconfig */,
				096EF41DAC389D1351CDD9B6 /* Pods-DVT-WeatherTests.release.xcconfig */,
			);
			path = Pods;
			sourceTree = "<group>";
		};
		C9B1D2D7266EEAFD00E64A18 = {
			isa = PBXGroup;
			children = (
				C9B1D2E2266EEAFD00E64A18 /* DVT-Weather */,
				C9B1D2F9266EEB0500E64A18 /* DVT-WeatherTests */,
				C9B1D304266EEB0500E64A18 /* DVT-WeatherUITests */,
				C9B1D2E1266EEAFD00E64A18 /* Products */,
				B5082A7B1720EC1EF73EB079 /* Pods */,
				8C51BBE9752595254776A616 /* Frameworks */,
			);
			sourceTree = "<group>";
		};
		C9B1D2E1266EEAFD00E64A18 /* Products */ = {
			isa = PBXGroup;
			children = (
				C9B1D2E0266EEAFD00E64A18 /* DVT-Weather.app */,
				C9B1D2F6266EEB0500E64A18 /* DVT-WeatherTests.xctest */,
				C9B1D301266EEB0500E64A18 /* DVT-WeatherUITests.xctest */,
			);
			name = Products;
			sourceTree = "<group>";
		};
		C9B1D2E2266EEAFD00E64A18 /* DVT-Weather */ = {
			isa = PBXGroup;
			children = (
				C9B1D389266EFE3700E64A18 /* Extension */,
				C9B1D373266EFBBE00E64A18 /* Resources */,
				C9B1D356266EF4E000E64A18 /* Presenter */,
				C9B1D33F266EEF1A00E64A18 /* Model */,
				C9B1D31B266EECC900E64A18 /* Network */,
				C9B1D319266EEB2F00E64A18 /* View */,
				C9B1D2E3266EEAFD00E64A18 /* AppDelegate.swift */,
				C9B1D2E5266EEAFD00E64A18 /* SceneDelegate.swift */,
				C9B1D2EC266EEB0500E64A18 /* Assets.xcassets */,
				C9B1D2EE266EEB0500E64A18 /* LaunchScreen.storyboard */,
				C9B1D2F1266EEB0500E64A18 /* Info.plist */,
			);
			path = "DVT-Weather";
			sourceTree = "<group>";
		};
		C9B1D2F9266EEB0500E64A18 /* DVT-WeatherTests */ = {
			isa = PBXGroup;
			children = (
				C9B1D2FA266EEB0500E64A18 /* DVT_WeatherTests.swift */,
				C9B1D2FC266EEB0500E64A18 /* Info.plist */,
			);
			path = "DVT-WeatherTests";
			sourceTree = "<group>";
		};
		C9B1D304266EEB0500E64A18 /* DVT-WeatherUITests */ = {
			isa = PBXGroup;
			children = (
				C9B1D305266EEB0500E64A18 /* DVT_WeatherUITests.swift */,
				C9B1D307266EEB0500E64A18 /* Info.plist */,
			);
			path = "DVT-WeatherUITests";
			sourceTree = "<group>";
		};
		C9B1D319266EEB2F00E64A18 /* View */ = {
			isa = PBXGroup;
			children = (
				C9B1D38D266F021C00E64A18 /* Cell */,
				C9B1D31A266EEB4700E64A18 /* Controller */,
				C9B1D2E9266EEAFD00E64A18 /* Main.storyboard */,
				C9B1D35F266EF58900E64A18 /* CurrentWeatherView.swift */,
			);
			path = View;
			sourceTree = "<group>";
		};
		C9B1D31A266EEB4700E64A18 /* Controller */ = {
			isa = PBXGroup;
			children = (
				C9B1D2E7266EEAFD00E64A18 /* WeatherController.swift */,
			);
			path = Controller;
			sourceTree = "<group>";
		};
		C9B1D31B266EECC900E64A18 /* Network */ = {
			isa = PBXGroup;
			children = (
				C9B1D31C266EECC900E64A18 /* Core */,
				C9B1D32A266EECC900E64A18 /* Features */,
			);
			path = Network;
			sourceTree = "<group>";
		};
		C9B1D31C266EECC900E64A18 /* Core */ = {
			isa = PBXGroup;
			children = (
				C9B1D31D266EECC900E64A18 /* Encoding */,
				C9B1D321266EECC900E64A18 /* EndPointType */,
				C9B1D323266EECC900E64A18 /* Service */,
			);
			path = Core;
			sourceTree = "<group>";
		};
		C9B1D31D266EECC900E64A18 /* Encoding */ = {
			isa = PBXGroup;
			children = (
				C9B1D31E266EECC900E64A18 /* URLParameterEncoder.swift */,
				C9B1D31F266EECC900E64A18 /* JSONParameterEncoder.swift */,
				C9B1D320266EECC900E64A18 /* ParameterEncodig.swift */,
			);
			path = Encoding;
			sourceTree = "<group>";
		};
		C9B1D321266EECC900E64A18 /* EndPointType */ = {
			isa = PBXGroup;
			children = (
				C9B1D322266EECC900E64A18 /* EndPointType.swift */,
			);
			path = EndPointType;
			sourceTree = "<group>";
		};
		C9B1D323266EECC900E64A18 /* Service */ = {
			isa = PBXGroup;
			children = (
				C9B1D324266EECC900E64A18 /* HTTPURLResponse+Extension.swift */,
				C9B1D325266EECC900E64A18 /* NetworkRouter.swift */,
				C9B1D326266EECC900E64A18 /* HTTPTask.swift */,
				C9B1D327266EECC900E64A18 /* NetworkResponse.swift */,
				C9B1D328266EECC900E64A18 /* HTTPMethod.swift */,
				C9B1D329266EECC900E64A18 /* Router.swift */,
			);
			path = Service;
			sourceTree = "<group>";
		};
		C9B1D32A266EECC900E64A18 /* Features */ = {
			isa = PBXGroup;
			children = (
				C9B1D32B266EECC900E64A18 /* Weather */,
			);
			path = Features;
			sourceTree = "<group>";
		};
		C9B1D32B266EECC900E64A18 /* Weather */ = {
			isa = PBXGroup;
			children = (
				C9B1D32C266EECC900E64A18 /* EndpointType */,
				C9B1D32E266EECC900E64A18 /* Service */,
			);
			path = Weather;
			sourceTree = "<group>";
		};
		C9B1D32C266EECC900E64A18 /* EndpointType */ = {
			isa = PBXGroup;
			children = (
				C9B1D32D266EECC900E64A18 /* WeatherEndpoint.swift */,
			);
			path = EndpointType;
			sourceTree = "<group>";
		};
		C9B1D32E266EECC900E64A18 /* Service */ = {
			isa = PBXGroup;
			children = (
				C9B1D32F266EECC900E64A18 /* WeatherService.swift */,
			);
			path = Service;
			sourceTree = "<group>";
		};
		C9B1D33F266EEF1A00E64A18 /* Model */ = {
			isa = PBXGroup;
			children = (
				C9B1D340266EEF2D00E64A18 /* CurrentWeather.swift */,
				C9B1D348266EF10300E64A18 /* FiveDaysWeather.swift */,
			);
			path = Model;
			sourceTree = "<group>";
		};
		C9B1D356266EF4E000E64A18 /* Presenter */ = {
			isa = PBXGroup;
			children = (
				C9B1D357266EF4F200E64A18 /* WeatherPresenter.swift */,
			);
			path = Presenter;
			sourceTree = "<group>";
		};
		C9B1D373266EFBBE00E64A18 /* Resources */ = {
			isa = PBXGroup;
			children = (
				C9B1D377266EFBD900E64A18 /* R.generated.swift */,
				C9B1D381266EFD6300E64A18 /* Text.strings */,
			);
			path = Resources;
			sourceTree = "<group>";
		};
		C9B1D389266EFE3700E64A18 /* Extension */ = {
			isa = PBXGroup;
			children = (
				C9B1D39B266F044200E64A18 /* UITableView+Extension.swift */,
				C9B1D3A0266F047D00E64A18 /* UiViewController+Extension.swift */,
			);
			path = Extension;
			sourceTree = "<group>";
		};
		C9B1D38D266F021C00E64A18 /* Cell */ = {
			isa = PBXGroup;
			children = (
				C9B1D38E266F023400E64A18 /* WeatherCell.swift */,
				C9B1D38F266F023400E64A18 /* WeatherCell.xib */,
			);
			path = Cell;
			sourceTree = "<group>";
		};
/* End PBXGroup section */

/* Begin PBXNativeTarget section */
		C9B1D2DF266EEAFD00E64A18 /* DVT-Weather */ = {
			isa = PBXNativeTarget;
			buildConfigurationList = C9B1D30A266EEB0500E64A18 /* Build configuration list for PBXNativeTarget "DVT-Weather" */;
			buildPhases = (
				BA6461803837177317CF2E29 /* [CP] Check Pods Manifest.lock */,
				C9B1D367266EFB0900E64A18 /* ShellScript */,
				C9B1D2DC266EEAFD00E64A18 /* Sources */,
				C9B1D2DD266EEAFD00E64A18 /* Frameworks */,
				C9B1D2DE266EEAFD00E64A18 /* Resources */,
				1D9D1797B3C2FE918B95B79B /* [CP] Embed Pods Frameworks */,
			);
			buildRules = (
			);
			dependencies = (
			);
			name = "DVT-Weather";
			productName = "DVT-Weather";
			productReference = C9B1D2E0266EEAFD00E64A18 /* DVT-Weather.app */;
			productType = "com.apple.product-type.application";
		};
		C9B1D2F5266EEB0500E64A18 /* DVT-WeatherTests */ = {
			isa = PBXNativeTarget;
			buildConfigurationList = C9B1D30D266EEB0500E64A18 /* Build configuration list for PBXNativeTarget "DVT-WeatherTests" */;
			buildPhases = (
				B71D889DAC6AE3F38AAA206F /* [CP] Check Pods Manifest.lock */,
				C9B1D2F2266EEB0500E64A18 /* Sources */,
				C9B1D2F3266EEB0500E64A18 /* Frameworks */,
				C9B1D2F4266EEB0500E64A18 /* Resources */,
			);
			buildRules = (
			);
			dependencies = (
				C9B1D2F8266EEB0500E64A18 /* PBXTargetDependency */,
			);
			name = "DVT-WeatherTests";
			productName = "DVT-WeatherTests";
			productReference = C9B1D2F6266EEB0500E64A18 /* DVT-WeatherTests.xctest */;
			productType = "com.apple.product-type.bundle.unit-test";
		};
		C9B1D300266EEB0500E64A18 /* DVT-WeatherUITests */ = {
			isa = PBXNativeTarget;
			buildConfigurationList = C9B1D310266EEB0500E64A18 /* Build configuration list for PBXNativeTarget "DVT-WeatherUITests" */;
			buildPhases = (
				23F0B06024434E14C8F0F795 /* [CP] Check Pods Manifest.lock */,
				C9B1D2FD266EEB0500E64A18 /* Sources */,
				C9B1D2FE266EEB0500E64A18 /* Frameworks */,
				C9B1D2FF266EEB0500E64A18 /* Resources */,
				90BB031DDC24C14AB0968FEE /* [CP] Embed Pods Frameworks */,
			);
			buildRules = (
			);
			dependencies = (
				C9B1D303266EEB0500E64A18 /* PBXTargetDependency */,
			);
			name = "DVT-WeatherUITests";
			productName = "DVT-WeatherUITests";
			productReference = C9B1D301266EEB0500E64A18 /* DVT-WeatherUITests.xctest */;
			productType = "com.apple.product-type.bundle.ui-testing";
		};
/* End PBXNativeTarget section */

/* Begin PBXProject section */
		C9B1D2D8266EEAFD00E64A18 /* Project object */ = {
			isa = PBXProject;
			attributes = {
				LastSwiftUpdateCheck = 1220;
				LastUpgradeCheck = 1220;
				TargetAttributes = {
					C9B1D2DF266EEAFD00E64A18 = {
						CreatedOnToolsVersion = 12.2;
					};
					C9B1D2F5266EEB0500E64A18 = {
						CreatedOnToolsVersion = 12.2;
						TestTargetID = C9B1D2DF266EEAFD00E64A18;
					};
					C9B1D300266EEB0500E64A18 = {
						CreatedOnToolsVersion = 12.2;
						TestTargetID = C9B1D2DF266EEAFD00E64A18;
					};
				};
			};
			buildConfigurationList = C9B1D2DB266EEAFD00E64A18 /* Build configuration list for PBXProject "DVT-Weather" */;
			compatibilityVersion = "Xcode 9.3";
			developmentRegion = en;
			hasScannedForEncodings = 0;
			knownRegions = (
				en,
				Base,
			);
			mainGroup = C9B1D2D7266EEAFD00E64A18;
			productRefGroup = C9B1D2E1266EEAFD00E64A18 /* Products */;
			projectDirPath = "";
			projectRoot = "";
			targets = (
				C9B1D2DF266EEAFD00E64A18 /* DVT-Weather */,
				C9B1D2F5266EEB0500E64A18 /* DVT-WeatherTests */,
				C9B1D300266EEB0500E64A18 /* DVT-WeatherUITests */,
			);
		};
/* End PBXProject section */

/* Begin PBXResourcesBuildPhase section */
		C9B1D2DE266EEAFD00E64A18 /* Resources */ = {
			isa = PBXResourcesBuildPhase;
			buildActionMask = 2147483647;
			files = (
				C9B1D2F0266EEB0500E64A18 /* LaunchScreen.storyboard in Resources */,
				C9B1D382266EFD6300E64A18 /* Text.strings in Resources */,
				C9B1D2ED266EEB0500E64A18 /* Assets.xcassets in Resources */,
				C9B1D2EB266EEAFD00E64A18 /* Main.storyboard in Resources */,
				C9B1D391266F023400E64A18 /* WeatherCell.xib in Resources */,
			);
			runOnlyForDeploymentPostprocessing = 0;
		};
		C9B1D2F4266EEB0500E64A18 /* Resources */ = {
			isa = PBXResourcesBuildPhase;
			buildActionMask = 2147483647;
			files = (
			);
			runOnlyForDeploymentPostprocessing = 0;
		};
		C9B1D2FF266EEB0500E64A18 /* Resources */ = {
			isa = PBXResourcesBuildPhase;
			buildActionMask = 2147483647;
			files = (
			);
			runOnlyForDeploymentPostprocessing = 0;
		};
/* End PBXResourcesBuildPhase section */

/* Begin PBXShellScriptBuildPhase section */
		1D9D1797B3C2FE918B95B79B /* [CP] Embed Pods Frameworks */ = {
			isa = PBXShellScriptBuildPhase;
			buildActionMask = 2147483647;
			files = (
			);
			inputFileListPaths = (
				"${PODS_ROOT}/Target Support Files/Pods-DVT-Weather/Pods-DVT-Weather-frameworks-${CONFIGURATION}-input-files.xcfilelist",
			);
			name = "[CP] Embed Pods Frameworks";
			outputFileListPaths = (
				"${PODS_ROOT}/Target Support Files/Pods-DVT-Weather/Pods-DVT-Weather-frameworks-${CONFIGURATION}-output-files.xcfilelist",
			);
			runOnlyForDeploymentPostprocessing = 0;
			shellPath = /bin/sh;
			shellScript = "\"${PODS_ROOT}/Target Support Files/Pods-DVT-Weather/Pods-DVT-Weather-frameworks.sh\"\n";
			showEnvVarsInLog = 0;
		};
		23F0B06024434E14C8F0F795 /* [CP] Check Pods Manifest.lock */ = {
			isa = PBXShellScriptBuildPhase;
			buildActionMask = 2147483647;
			files = (
			);
			inputFileListPaths = (
			);
			inputPaths = (
				"${PODS_PODFILE_DIR_PATH}/Podfile.lock",
				"${PODS_ROOT}/Manifest.lock",
			);
			name = "[CP] Check Pods Manifest.lock";
			outputFileListPaths = (
			);
			outputPaths = (
				"$(DERIVED_FILE_DIR)/Pods-DVT-Weather-DVT-WeatherUITests-checkManifestLockResult.txt",
			);
			runOnlyForDeploymentPostprocessing = 0;
			shellPath = /bin/sh;
			shellScript = "diff \"${PODS_PODFILE_DIR_PATH}/Podfile.lock\" \"${PODS_ROOT}/Manifest.lock\" > /dev/null\nif [ $? != 0 ] ; then\n    # print error to STDERR\n    echo \"error: The sandbox is not in sync with the Podfile.lock. Run 'pod install' or update your CocoaPods installation.\" >&2\n    exit 1\nfi\n# This output is used by Xcode 'outputs' to avoid re-running this script phase.\necho \"SUCCESS\" > \"${SCRIPT_OUTPUT_FILE_0}\"\n";
			showEnvVarsInLog = 0;
		};
		90BB031DDC24C14AB0968FEE /* [CP] Embed Pods Frameworks */ = {
			isa = PBXShellScriptBuildPhase;
			buildActionMask = 2147483647;
			files = (
			);
			inputFileListPaths = (
				"${PODS_ROOT}/Target Support Files/Pods-DVT-Weather-DVT-WeatherUITests/Pods-DVT-Weather-DVT-WeatherUITests-frameworks-${CONFIGURATION}-input-files.xcfilelist",
			);
			name = "[CP] Embed Pods Frameworks";
			outputFileListPaths = (
				"${PODS_ROOT}/Target Support Files/Pods-DVT-Weather-DVT-WeatherUITests/Pods-DVT-Weather-DVT-WeatherUITests-frameworks-${CONFIGURATION}-output-files.xcfilelist",
			);
			runOnlyForDeploymentPostprocessing = 0;
			shellPath = /bin/sh;
			shellScript = "\"${PODS_ROOT}/Target Support Files/Pods-DVT-Weather-DVT-WeatherUITests/Pods-DVT-Weather-DVT-WeatherUITests-frameworks.sh\"\n";
			showEnvVarsInLog = 0;
		};
		B71D889DAC6AE3F38AAA206F /* [CP] Check Pods Manifest.lock */ = {
			isa = PBXShellScriptBuildPhase;
			buildActionMask = 2147483647;
			files = (
			);
			inputFileListPaths = (
			);
			inputPaths = (
				"${PODS_PODFILE_DIR_PATH}/Podfile.lock",
				"${PODS_ROOT}/Manifest.lock",
			);
			name = "[CP] Check Pods Manifest.lock";
			outputFileListPaths = (
			);
			outputPaths = (
				"$(DERIVED_FILE_DIR)/Pods-DVT-WeatherTests-checkManifestLockResult.txt",
			);
			runOnlyForDeploymentPostprocessing = 0;
			shellPath = /bin/sh;
			shellScript = "diff \"${PODS_PODFILE_DIR_PATH}/Podfile.lock\" \"${PODS_ROOT}/Manifest.lock\" > /dev/null\nif [ $? != 0 ] ; then\n    # print error to STDERR\n    echo \"error: The sandbox is not in sync with the Podfile.lock. Run 'pod install' or update your CocoaPods installation.\" >&2\n    exit 1\nfi\n# This output is used by Xcode 'outputs' to avoid re-running this script phase.\necho \"SUCCESS\" > \"${SCRIPT_OUTPUT_FILE_0}\"\n";
			showEnvVarsInLog = 0;
		};
		BA6461803837177317CF2E29 /* [CP] Check Pods Manifest.lock */ = {
			isa = PBXShellScriptBuildPhase;
			buildActionMask = 2147483647;
			files = (
			);
			inputFileListPaths = (
			);
			inputPaths = (
				"${PODS_PODFILE_DIR_PATH}/Podfile.lock",
				"${PODS_ROOT}/Manifest.lock",
			);
			name = "[CP] Check Pods Manifest.lock";
			outputFileListPaths = (
			);
			outputPaths = (
				"$(DERIVED_FILE_DIR)/Pods-DVT-Weather-checkManifestLockResult.txt",
			);
			runOnlyForDeploymentPostprocessing = 0;
			shellPath = /bin/sh;
			shellScript = "diff \"${PODS_PODFILE_DIR_PATH}/Podfile.lock\" \"${PODS_ROOT}/Manifest.lock\" > /dev/null\nif [ $? != 0 ] ; then\n    # print error to STDERR\n    echo \"error: The sandbox is not in sync with the Podfile.lock. Run 'pod install' or update your CocoaPods installation.\" >&2\n    exit 1\nfi\n# This output is used by Xcode 'outputs' to avoid re-running this script phase.\necho \"SUCCESS\" > \"${SCRIPT_OUTPUT_FILE_0}\"\n";
			showEnvVarsInLog = 0;
		};
		C9B1D367266EFB0900E64A18 /* ShellScript */ = {
			isa = PBXShellScriptBuildPhase;
			buildActionMask = 2147483647;
			files = (
			);
			inputFileListPaths = (
			);
			inputPaths = (
				"$TEMP_DIR/rswift-lastrun",
			);
			outputFileListPaths = (
			);
			outputPaths = (
				$SRCROOT/R.generated.swift,
			);
			runOnlyForDeploymentPostprocessing = 0;
			shellPath = /bin/sh;
			shellScript = "# Type a script or drag a script file from your workspace to insert its path.\n\"$PODS_ROOT/R.swift/rswift\" generate \"$SRCROOT/R.generated.swift\"\n";
		};
/* End PBXShellScriptBuildPhase section */

/* Begin PBXSourcesBuildPhase section */
		C9B1D2DC266EEAFD00E64A18 /* Sources */ = {
			isa = PBXSourcesBuildPhase;
			buildActionMask = 2147483647;
			files = (
				C9B1D349266EF10300E64A18 /* FiveDaysWeather.swift in Sources */,
				C9B1D358266EF4F200E64A18 /* WeatherPresenter.swift in Sources */,
				C9B1D33A266EECC900E64A18 /* WeatherEndpoint.swift in Sources */,
				C9B1D360266EF58900E64A18 /* CurrentWeatherView.swift in Sources */,
				C9B1D331266EECC900E64A18 /* JSONParameterEncoder.swift in Sources */,
				C9B1D341266EEF2D00E64A18 /* CurrentWeather.swift in Sources */,
				C9B1D332266EECC900E64A18 /* ParameterEncodig.swift in Sources */,
				C9B1D378266EFBD900E64A18 /* R.generated.swift in Sources */,
				C9B1D330266EECC900E64A18 /* URLParameterEncoder.swift in Sources */,
				C9B1D2E8266EEAFD00E64A18 /* WeatherController.swift in Sources */,
				C9B1D33B266EECC900E64A18 /* WeatherService.swift in Sources */,
				C9B1D39C266F044200E64A18 /* UITableView+Extension.swift in Sources */,
				C9B1D334266EECC900E64A18 /* HTTPURLResponse+Extension.swift in Sources */,
				C9B1D2E4266EEAFD00E64A18 /* AppDelegate.swift in Sources */,
				C9B1D336266EECC900E64A18 /* HTTPTask.swift in Sources */,
				C9B1D2E6266EEAFD00E64A18 /* SceneDelegate.swift in Sources */,
				C9B1D338266EECC900E64A18 /* HTTPMethod.swift in Sources */,
				C9B1D337266EECC900E64A18 /* NetworkResponse.swift in Sources */,
				C9B1D333266EECC900E64A18 /* EndPointType.swift in Sources */,
				C9B1D335266EECC900E64A18 /* NetworkRouter.swift in Sources */,
				C9B1D3A1266F047D00E64A18 /* UiViewController+Extension.swift in Sources */,
				C9B1D339266EECC900E64A18 /* Router.swift in Sources */,
				C9B1D390266F023400E64A18 /* WeatherCell.swift in Sources */,
			);
			runOnlyForDeploymentPostprocessing = 0;
		};
		C9B1D2F2266EEB0500E64A18 /* Sources */ = {
			isa = PBXSourcesBuildPhase;
			buildActionMask = 2147483647;
			files = (
				C9B1D2FB266EEB0500E64A18 /* DVT_WeatherTests.swift in Sources */,
			);
			runOnlyForDeploymentPostprocessing = 0;
		};
		C9B1D2FD266EEB0500E64A18 /* Sources */ = {
			isa = PBXSourcesBuildPhase;
			buildActionMask = 2147483647;
			files = (
				C9B1D306266EEB0500E64A18 /* DVT_WeatherUITests.swift in Sources */,
			);
			runOnlyForDeploymentPostprocessing = 0;
		};
/* End PBXSourcesBuildPhase section */

/* Begin PBXTargetDependency section */
		C9B1D2F8266EEB0500E64A18 /* PBXTargetDependency */ = {
			isa = PBXTargetDependency;
			target = C9B1D2DF266EEAFD00E64A18 /* DVT-Weather */;
			targetProxy = C9B1D2F7266EEB0500E64A18 /* PBXContainerItemProxy */;
		};
		C9B1D303266EEB0500E64A18 /* PBXTargetDependency */ = {
			isa = PBXTargetDependency;
			target = C9B1D2DF266EEAFD00E64A18 /* DVT-Weather */;
			targetProxy = C9B1D302266EEB0500E64A18 /* PBXContainerItemProxy */;
		};
/* End PBXTargetDependency section */

/* Begin PBXVariantGroup section */
		C9B1D2E9266EEAFD00E64A18 /* Main.storyboard */ = {
			isa = PBXVariantGroup;
			children = (
				C9B1D2EA266EEAFD00E64A18 /* Base */,
			);
			name = Main.storyboard;
			sourceTree = "<group>";
		};
		C9B1D2EE266EEB0500E64A18 /* LaunchScreen.storyboard */ = {
			isa = PBXVariantGroup;
			children = (
				C9B1D2EF266EEB0500E64A18 /* Base */,
			);
			name = LaunchScreen.storyboard;
			sourceTree = "<group>";
		};
/* End PBXVariantGroup section */

/* Begin XCBuildConfiguration section */
		C9B1D308266EEB0500E64A18 /* Debug */ = {
			isa = XCBuildConfiguration;
			buildSettings = {
				ALWAYS_SEARCH_USER_PATHS = NO;
				CLANG_ANALYZER_NONNULL = YES;
				CLANG_ANALYZER_NUMBER_OBJECT_CONVERSION = YES_AGGRESSIVE;
				CLANG_CXX_LANGUAGE_STANDARD = "gnu++14";
				CLANG_CXX_LIBRARY = "libc++";
				CLANG_ENABLE_MODULES = YES;
				CLANG_ENABLE_OBJC_ARC = YES;
				CLANG_ENABLE_OBJC_WEAK = YES;
				CLANG_WARN_BLOCK_CAPTURE_AUTORELEASING = YES;
				CLANG_WARN_BOOL_CONVERSION = YES;
				CLANG_WARN_COMMA = YES;
				CLANG_WARN_CONSTANT_CONVERSION = YES;
				CLANG_WARN_DEPRECATED_OBJC_IMPLEMENTATIONS = YES;
				CLANG_WARN_DIRECT_OBJC_ISA_USAGE = YES_ERROR;
				CLANG_WARN_DOCUMENTATION_COMMENTS = YES;
				CLANG_WARN_EMPTY_BODY = YES;
				CLANG_WARN_ENUM_CONVERSION = YES;
				CLANG_WARN_INFINITE_RECURSION = YES;
				CLANG_WARN_INT_CONVERSION = YES;
				CLANG_WARN_NON_LITERAL_NULL_CONVERSION = YES;
				CLANG_WARN_OBJC_IMPLICIT_RETAIN_SELF = YES;
				CLANG_WARN_OBJC_LITERAL_CONVERSION = YES;
				CLANG_WARN_OBJC_ROOT_CLASS = YES_ERROR;
				CLANG_WARN_QUOTED_INCLUDE_IN_FRAMEWORK_HEADER = YES;
				CLANG_WARN_RANGE_LOOP_ANALYSIS = YES;
				CLANG_WARN_STRICT_PROTOTYPES = YES;
				CLANG_WARN_SUSPICIOUS_MOVE = YES;
				CLANG_WARN_UNGUARDED_AVAILABILITY = YES_AGGRESSIVE;
				CLANG_WARN_UNREACHABLE_CODE = YES;
				CLANG_WARN__DUPLICATE_METHOD_MATCH = YES;
				COPY_PHASE_STRIP = NO;
				DEBUG_INFORMATION_FORMAT = dwarf;
				ENABLE_STRICT_OBJC_MSGSEND = YES;
				ENABLE_TESTABILITY = YES;
				GCC_C_LANGUAGE_STANDARD = gnu11;
				GCC_DYNAMIC_NO_PIC = NO;
				GCC_NO_COMMON_BLOCKS = YES;
				GCC_OPTIMIZATION_LEVEL = 0;
				GCC_PREPROCESSOR_DEFINITIONS = (
					"DEBUG=1",
					"$(inherited)",
				);
				GCC_WARN_64_TO_32_BIT_CONVERSION = YES;
				GCC_WARN_ABOUT_RETURN_TYPE = YES_ERROR;
				GCC_WARN_UNDECLARED_SELECTOR = YES;
				GCC_WARN_UNINITIALIZED_AUTOS = YES_AGGRESSIVE;
				GCC_WARN_UNUSED_FUNCTION = YES;
				GCC_WARN_UNUSED_VARIABLE = YES;
				IPHONEOS_DEPLOYMENT_TARGET = 14.2;
				MTL_ENABLE_DEBUG_INFO = INCLUDE_SOURCE;
				MTL_FAST_MATH = YES;
				ONLY_ACTIVE_ARCH = YES;
				SDKROOT = iphoneos;
				SWIFT_ACTIVE_COMPILATION_CONDITIONS = DEBUG;
				SWIFT_OPTIMIZATION_LEVEL = "-Onone";
			};
			name = Debug;
		};
		C9B1D309266EEB0500E64A18 /* Release */ = {
			isa = XCBuildConfiguration;
			buildSettings = {
				ALWAYS_SEARCH_USER_PATHS = NO;
				CLANG_ANALYZER_NONNULL = YES;
				CLANG_ANALYZER_NUMBER_OBJECT_CONVERSION = YES_AGGRESSIVE;
				CLANG_CXX_LANGUAGE_STANDARD = "gnu++14";
				CLANG_CXX_LIBRARY = "libc++";
				CLANG_ENABLE_MODULES = YES;
				CLANG_ENABLE_OBJC_ARC = YES;
				CLANG_ENABLE_OBJC_WEAK = YES;
				CLANG_WARN_BLOCK_CAPTURE_AUTORELEASING = YES;
				CLANG_WARN_BOOL_CONVERSION = YES;
				CLANG_WARN_COMMA = YES;
				CLANG_WARN_CONSTANT_CONVERSION = YES;
				CLANG_WARN_DEPRECATED_OBJC_IMPLEMENTATIONS = YES;
				CLANG_WARN_DIRECT_OBJC_ISA_USAGE = YES_ERROR;
				CLANG_WARN_DOCUMENTATION_COMMENTS = YES;
				CLANG_WARN_EMPTY_BODY = YES;
				CLANG_WARN_ENUM_CONVERSION = YES;
				CLANG_WARN_INFINITE_RECURSION = YES;
				CLANG_WARN_INT_CONVERSION = YES;
				CLANG_WARN_NON_LITERAL_NULL_CONVERSION = YES;
				CLANG_WARN_OBJC_IMPLICIT_RETAIN_SELF = YES;
				CLANG_WARN_OBJC_LITERAL_CONVERSION = YES;
				CLANG_WARN_OBJC_ROOT_CLASS = YES_ERROR;
				CLANG_WARN_QUOTED_INCLUDE_IN_FRAMEWORK_HEADER = YES;
				CLANG_WARN_RANGE_LOOP_ANALYSIS = YES;
				CLANG_WARN_STRICT_PROTOTYPES = YES;
				CLANG_WARN_SUSPICIOUS_MOVE = YES;
				CLANG_WARN_UNGUARDED_AVAILABILITY = YES_AGGRESSIVE;
				CLANG_WARN_UNREACHABLE_CODE = YES;
				CLANG_WARN__DUPLICATE_METHOD_MATCH = YES;
				COPY_PHASE_STRIP = NO;
				DEBUG_INFORMATION_FORMAT = "dwarf-with-dsym";
				ENABLE_NS_ASSERTIONS = NO;
				ENABLE_STRICT_OBJC_MSGSEND = YES;
				GCC_C_LANGUAGE_STANDARD = gnu11;
				GCC_NO_COMMON_BLOCKS = YES;
				GCC_WARN_64_TO_32_BIT_CONVERSION = YES;
				GCC_WARN_ABOUT_RETURN_TYPE = YES_ERROR;
				GCC_WARN_UNDECLARED_SELECTOR = YES;
				GCC_WARN_UNINITIALIZED_AUTOS = YES_AGGRESSIVE;
				GCC_WARN_UNUSED_FUNCTION = YES;
				GCC_WARN_UNUSED_VARIABLE = YES;
				IPHONEOS_DEPLOYMENT_TARGET = 14.2;
				MTL_ENABLE_DEBUG_INFO = NO;
				MTL_FAST_MATH = YES;
				SDKROOT = iphoneos;
				SWIFT_COMPILATION_MODE = wholemodule;
				SWIFT_OPTIMIZATION_LEVEL = "-O";
				VALIDATE_PRODUCT = YES;
			};
			name = Release;
		};
		C9B1D30B266EEB0500E64A18 /* Debug */ = {
			isa = XCBuildConfiguration;
			baseConfigurationReference = 5A554DC7444A846EF9293A2A /* Pods-DVT-Weather.debug.xcconfig */;
			buildSettings = {
				ASSETCATALOG_COMPILER_APPICON_NAME = AppIcon;
				ASSETCATALOG_COMPILER_GLOBAL_ACCENT_COLOR_NAME = AccentColor;
				CODE_SIGN_STYLE = Automatic;
				DEVELOPMENT_TEAM = P25E46B4MH;
				INFOPLIST_FILE = "DVT-Weather/Info.plist";
				LD_RUNPATH_SEARCH_PATHS = (
					"$(inherited)",
					"@executable_path/Frameworks",
				);
				PRODUCT_BUNDLE_IDENTIFIER = "com.exercise.dvt.DVT-Weather";
				PRODUCT_NAME = "$(TARGET_NAME)";
				SWIFT_VERSION = 5.0;
				TARGETED_DEVICE_FAMILY = "1,2";
			};
			name = Debug;
		};
		C9B1D30C266EEB0500E64A18 /* Release */ = {
			isa = XCBuildConfiguration;
			baseConfigurationReference = F43522468980F311EAF3CC77 /* Pods-DVT-Weather.release.xcconfig */;
			buildSettings = {
				ASSETCATALOG_COMPILER_APPICON_NAME = AppIcon;
				ASSETCATALOG_COMPILER_GLOBAL_ACCENT_COLOR_NAME = AccentColor;
				CODE_SIGN_STYLE = Automatic;
				DEVELOPMENT_TEAM = P25E46B4MH;
				INFOPLIST_FILE = "DVT-Weather/Info.plist";
				LD_RUNPATH_SEARCH_PATHS = (
					"$(inherited)",
					"@executable_path/Frameworks",
				);
				PRODUCT_BUNDLE_IDENTIFIER = "com.exercise.dvt.DVT-Weather";
				PRODUCT_NAME = "$(TARGET_NAME)";
				SWIFT_VERSION = 5.0;
				TARGETED_DEVICE_FAMILY = "1,2";
			};
			name = Release;
		};
		C9B1D30E266EEB0500E64A18 /* Debug */ = {
			isa = XCBuildConfiguration;
			baseConfigurationReference = 4AE980F77A1E2E89FB7D7A29 /* Pods-DVT-WeatherTests.debug.xcconfig */;
			buildSettings = {
				ALWAYS_EMBED_SWIFT_STANDARD_LIBRARIES = YES;
				BUNDLE_LOADER = "$(TEST_HOST)";
				CODE_SIGN_STYLE = Automatic;
				DEVELOPMENT_TEAM = P25E46B4MH;
				INFOPLIST_FILE = "DVT-WeatherTests/Info.plist";
				IPHONEOS_DEPLOYMENT_TARGET = 14.2;
				LD_RUNPATH_SEARCH_PATHS = (
					"$(inherited)",
					"@executable_path/Frameworks",
					"@loader_path/Frameworks",
				);
				PRODUCT_BUNDLE_IDENTIFIER = "com.exercise.dvt.DVT-WeatherTests";
				PRODUCT_NAME = "$(TARGET_NAME)";
				SWIFT_VERSION = 5.0;
				TARGETED_DEVICE_FAMILY = "1,2";
				TEST_HOST = "$(BUILT_PRODUCTS_DIR)/DVT-Weather.app/DVT-Weather";
			};
			name = Debug;
		};
		C9B1D30F266EEB0500E64A18 /* Release */ = {
			isa = XCBuildConfiguration;
			baseConfigurationReference = 096EF41DAC389D1351CDD9B6 /* Pods-DVT-WeatherTests.release.xcconfig */;
			buildSettings = {
				ALWAYS_EMBED_SWIFT_STANDARD_LIBRARIES = YES;
				BUNDLE_LOADER = "$(TEST_HOST)";
				CODE_SIGN_STYLE = Automatic;
				DEVELOPMENT_TEAM = P25E46B4MH;
				INFOPLIST_FILE = "DVT-WeatherTests/Info.plist";
				IPHONEOS_DEPLOYMENT_TARGET = 14.2;
				LD_RUNPATH_SEARCH_PATHS = (
					"$(inherited)",
					"@executable_path/Frameworks",
					"@loader_path/Frameworks",
				);
				PRODUCT_BUNDLE_IDENTIFIER = "com.exercise.dvt.DVT-WeatherTests";
				PRODUCT_NAME = "$(TARGET_NAME)";
				SWIFT_VERSION = 5.0;
				TARGETED_DEVICE_FAMILY = "1,2";
				TEST_HOST = "$(BUILT_PRODUCTS_DIR)/DVT-Weather.app/DVT-Weather";
			};
			name = Release;
		};
		C9B1D311266EEB0500E64A18 /* Debug */ = {
			isa = XCBuildConfiguration;
			baseConfigurationReference = F61F762EF9F7969D1CDCA9BD /* Pods-DVT-Weather-DVT-WeatherUITests.debug.xcconfig */;
			buildSettings = {
				ALWAYS_EMBED_SWIFT_STANDARD_LIBRARIES = YES;
				CODE_SIGN_STYLE = Automatic;
				DEVELOPMENT_TEAM = P25E46B4MH;
				INFOPLIST_FILE = "DVT-WeatherUITests/Info.plist";
				LD_RUNPATH_SEARCH_PATHS = (
					"$(inherited)",
					"@executable_path/Frameworks",
					"@loader_path/Frameworks",
				);
				PRODUCT_BUNDLE_IDENTIFIER = "com.exercise.dvt.DVT-WeatherUITests";
				PRODUCT_NAME = "$(TARGET_NAME)";
				SWIFT_VERSION = 5.0;
				TARGETED_DEVICE_FAMILY = "1,2";
				TEST_TARGET_NAME = "DVT-Weather";
			};
			name = Debug;
		};
		C9B1D312266EEB0500E64A18 /* Release */ = {
			isa = XCBuildConfiguration;
			baseConfigurationReference = 337F8721C064C6F531B1E6D9 /* Pods-DVT-Weather-DVT-WeatherUITests.release.xcconfig */;
			buildSettings = {
				ALWAYS_EMBED_SWIFT_STANDARD_LIBRARIES = YES;
				CODE_SIGN_STYLE = Automatic;
				DEVELOPMENT_TEAM = P25E46B4MH;
				INFOPLIST_FILE = "DVT-WeatherUITests/Info.plist";
				LD_RUNPATH_SEARCH_PATHS = (
					"$(inherited)",
					"@executable_path/Frameworks",
					"@loader_path/Frameworks",
				);
				PRODUCT_BUNDLE_IDENTIFIER = "com.exercise.dvt.DVT-WeatherUITests";
				PRODUCT_NAME = "$(TARGET_NAME)";
				SWIFT_VERSION = 5.0;
				TARGETED_DEVICE_FAMILY = "1,2";
				TEST_TARGET_NAME = "DVT-Weather";
			};
			name = Release;
		};
/* End XCBuildConfiguration section */

/* Begin XCConfigurationList section */
		C9B1D2DB266EEAFD00E64A18 /* Build configuration list for PBXProject "DVT-Weather" */ = {
			isa = XCConfigurationList;
			buildConfigurations = (
				C9B1D308266EEB0500E64A18 /* Debug */,
				C9B1D309266EEB0500E64A18 /* Release */,
			);
			defaultConfigurationIsVisible = 0;
			defaultConfigurationName = Release;
		};
		C9B1D30A266EEB0500E64A18 /* Build configuration list for PBXNativeTarget "DVT-Weather" */ = {
			isa = XCConfigurationList;
			buildConfigurations = (
				C9B1D30B266EEB0500E64A18 /* Debug */,
				C9B1D30C266EEB0500E64A18 /* Release */,
			);
			defaultConfigurationIsVisible = 0;
			defaultConfigurationName = Release;
		};
		C9B1D30D266EEB0500E64A18 /* Build configuration list for PBXNativeTarget "DVT-WeatherTests" */ = {
			isa = XCConfigurationList;
			buildConfigurations = (
				C9B1D30E266EEB0500E64A18 /* Debug */,
				C9B1D30F266EEB0500E64A18 /* Release */,
			);
			defaultConfigurationIsVisible = 0;
			defaultConfigurationName = Release;
		};
		C9B1D310266EEB0500E64A18 /* Build configuration list for PBXNativeTarget "DVT-WeatherUITests" */ = {
			isa = XCConfigurationList;
			buildConfigurations = (
				C9B1D311266EEB0500E64A18 /* Debug */,
				C9B1D312266EEB0500E64A18 /* Release */,
			);
			defaultConfigurationIsVisible = 0;
			defaultConfigurationName = Release;
		};
/* End XCConfigurationList section */
	};
	rootObject = C9B1D2D8266EEAFD00E64A18 /* Project object */;
}
